
Microsoft Visual Studio Solution File, Format Version 12.00
# Visual Studio Version 17
VisualStudioVersion = 17.4.33213.308
MinimumVisualStudioVersion = 10.0.40219.1
Project("{FAE04EC0-301F-11D3-BF4B-00C04F79EFBC}") = "Destructores", "Destructores.csproj", "{D559A5D1-7165-4F78-9AC0-0A2ED141E952}"
EndProject
Global
	GlobalSection(SolutionConfigurationPlatforms) = preSolution
		Debug|Any CPU = Debug|Any CPU
		Release|Any CPU = Release|Any CPU
	EndGlobalSection
	GlobalSection(ProjectConfigurationPlatforms) = postSolution
		{D559A5D1-7165-4F78-9AC0-0A2ED141E952}.Debug|Any CPU.ActiveCfg = Debug|Any CPU
		{D559A5D1-7165-4F78-9AC0-0A2ED141E952}.Debug|Any CPU.Build.0 = Debug|Any CPU
		{D559A5D1-7165-4F78-9AC0-0A2ED141E952}.Release|Any CPU.ActiveCfg = Release|Any CPU
		{D559A5D1-7165-4F78-9AC0-0A2ED141E952}.Release|Any CPU.Build.0 = Release|Any CPU
	EndGlobalSection
	GlobalSection(SolutionProperties) = preSolution
		HideSolutionNode = FALSE
	EndGlobalSection
	GlobalSection(ExtensibilityGlobals) = postSolution
		SolutionGuid = {5D8F1299-CE29-40F3-AB47-C1F385E791C8}
	EndGlobalSection
EndGlobal
